
Microsoft Visual Studio Solution File, Format Version 12.00
# Visual Studio Version 16
VisualStudioVersion = 16.0.31729.503
MinimumVisualStudioVersion = 10.0.40219.1
Project("{888888A0-9F3D-457C-B088-3A5042F75D52}") = "Kivy tests", "Kivy tests\Kivy tests.pyproj", "{295EB8A2-B860-4D88-98A3-75DAD5967200}"
EndProject
Global
	GlobalSection(SolutionConfigurationPlatforms) = preSolution
		Debug|Any CPU = Debug|Any CPU
		Release|Any CPU = Release|Any CPU
	EndGlobalSection
	GlobalSection(ProjectConfigurationPlatforms) = postSolution
		{295EB8A2-B860-4D88-98A3-75DAD5967200}.Debug|Any CPU.ActiveCfg = Debug|Any CPU
		{295EB8A2-B860-4D88-98A3-75DAD5967200}.Release|Any CPU.ActiveCfg = Release|Any CPU
	EndGlobalSection
	GlobalSection(SolutionProperties) = preSolution
		HideSolutionNode = FALSE
	EndGlobalSection
	GlobalSection(ExtensibilityGlobals) = postSolution
		SolutionGuid = {AF0B8EB9-9CCE-4A82-8275-04EC1F159767}
	EndGlobalSection
EndGlobal
